// !$*UTF8*$!
{
	archiveVersion = 1;
	classes = {
	};
	objectVersion = 46;
	objects = {

/* Begin PBXBuildFile section */
		554F6B942A816FE197B3BC7A /* Pods_YXJSwipeTableViewCellTest.framework in Frameworks */ = {isa = PBXBuildFile; fileRef = 717F4E204E364CDB92F2A632 /* Pods_YXJSwipeTableViewCellTest.framework */; };
		DE44BBDE1D9D73A000AE68C7 /* YXJSwipeTableViewCell_iOS.h in Headers */ = {isa = PBXBuildFile; fileRef = DE44BBDC1D9D73A000AE68C7 /* YXJSwipeTableViewCell_iOS.h */; settings = {ATTRIBUTES = (Public, ); }; };
		DE44BBE11D9D73A000AE68C7 /* YXJSwipeTableViewCell_iOS.framework in Frameworks */ = {isa = PBXBuildFile; fileRef = DE44BBDA1D9D73A000AE68C7 /* YXJSwipeTableViewCell_iOS.framework */; };
		DE44BBE21D9D73A000AE68C7 /* YXJSwipeTableViewCell_iOS.framework in Embed Frameworks */ = {isa = PBXBuildFile; fileRef = DE44BBDA1D9D73A000AE68C7 /* YXJSwipeTableViewCell_iOS.framework */; settings = {ATTRIBUTES = (CodeSignOnCopy, RemoveHeadersOnCopy, ); }; };
		DE44BBF31D9D73CE00AE68C7 /* NSMutableArray+YXJSwipeUtilityButtons.h in Headers */ = {isa = PBXBuildFile; fileRef = DE44BBE71D9D73CE00AE68C7 /* NSMutableArray+YXJSwipeUtilityButtons.h */; settings = {ATTRIBUTES = (Public, ); }; };
		DE44BBF41D9D73CE00AE68C7 /* NSMutableArray+YXJSwipeUtilityButtons.m in Sources */ = {isa = PBXBuildFile; fileRef = DE44BBE81D9D73CE00AE68C7 /* NSMutableArray+YXJSwipeUtilityButtons.m */; };
		DE44BBF51D9D73CE00AE68C7 /* YXJSwipeCellScrollView.h in Headers */ = {isa = PBXBuildFile; fileRef = DE44BBE91D9D73CE00AE68C7 /* YXJSwipeCellScrollView.h */; settings = {ATTRIBUTES = (Public, ); }; };
		DE44BBF61D9D73CE00AE68C7 /* YXJSwipeCellScrollView.m in Sources */ = {isa = PBXBuildFile; fileRef = DE44BBEA1D9D73CE00AE68C7 /* YXJSwipeCellScrollView.m */; };
		DE44BBF71D9D73CE00AE68C7 /* YXJSwipeLongPressGestureRecognizer.h in Headers */ = {isa = PBXBuildFile; fileRef = DE44BBEB1D9D73CE00AE68C7 /* YXJSwipeLongPressGestureRecognizer.h */; settings = {ATTRIBUTES = (Public, ); }; };
		DE44BBF81D9D73CE00AE68C7 /* YXJSwipeLongPressGestureRecognizer.m in Sources */ = {isa = PBXBuildFile; fileRef = DE44BBEC1D9D73CE00AE68C7 /* YXJSwipeLongPressGestureRecognizer.m */; };
		DE44BBF91D9D73CE00AE68C7 /* YXJSwipeTableViewCell.h in Headers */ = {isa = PBXBuildFile; fileRef = DE44BBED1D9D73CE00AE68C7 /* YXJSwipeTableViewCell.h */; settings = {ATTRIBUTES = (Public, ); }; };
		DE44BBFA1D9D73CE00AE68C7 /* YXJSwipeTableViewCell.m in Sources */ = {isa = PBXBuildFile; fileRef = DE44BBEE1D9D73CE00AE68C7 /* YXJSwipeTableViewCell.m */; };
		DE44BBFB1D9D73CE00AE68C7 /* YXJSwipeUtilityButtonTapGestureRecognizer.h in Headers */ = {isa = PBXBuildFile; fileRef = DE44BBEF1D9D73CE00AE68C7 /* YXJSwipeUtilityButtonTapGestureRecognizer.h */; settings = {ATTRIBUTES = (Public, ); }; };
		DE44BBFC1D9D73CE00AE68C7 /* YXJSwipeUtilityButtonTapGestureRecognizer.m in Sources */ = {isa = PBXBuildFile; fileRef = DE44BBF01D9D73CE00AE68C7 /* YXJSwipeUtilityButtonTapGestureRecognizer.m */; };
		DE44BBFD1D9D73CE00AE68C7 /* YXJSwipeUtilityButtonView.h in Headers */ = {isa = PBXBuildFile; fileRef = DE44BBF11D9D73CE00AE68C7 /* YXJSwipeUtilityButtonView.h */; settings = {ATTRIBUTES = (Public, ); }; };
		DE44BBFE1D9D73CE00AE68C7 /* YXJSwipeUtilityButtonView.m in Sources */ = {isa = PBXBuildFile; fileRef = DE44BBF21D9D73CE00AE68C7 /* YXJSwipeUtilityButtonView.m */; };
		DE46C6721D59D94D00D4C7FA /* AppDelegate.swift in Sources */ = {isa = PBXBuildFile; fileRef = DE46C6711D59D94D00D4C7FA /* AppDelegate.swift */; };
		DE46C6741D59D94D00D4C7FA /* ViewController.swift in Sources */ = {isa = PBXBuildFile; fileRef = DE46C6731D59D94D00D4C7FA /* ViewController.swift */; };
		DE46C6771D59D94D00D4C7FA /* Main.storyboard in Resources */ = {isa = PBXBuildFile; fileRef = DE46C6751D59D94D00D4C7FA /* Main.storyboard */; };
		DE46C6791D59D94D00D4C7FA /* Assets.xcassets in Resources */ = {isa = PBXBuildFile; fileRef = DE46C6781D59D94D00D4C7FA /* Assets.xcassets */; };
		DE46C67C1D59D94D00D4C7FA /* LaunchScreen.storyboard in Resources */ = {isa = PBXBuildFile; fileRef = DE46C67A1D59D94D00D4C7FA /* LaunchScreen.storyboard */; };
		DE7F7C3D1D5ACFB20083784A /* ViewControllerCell.swift in Sources */ = {isa = PBXBuildFile; fileRef = DE7F7C3C1D5ACFB20083784A /* ViewControllerCell.swift */; };
		DE7F7C3F1D5AD3520083784A /* YXJSwipeTableViewCell1.gif in Resources */ = {isa = PBXBuildFile; fileRef = DE7F7C3E1D5AD3520083784A /* YXJSwipeTableViewCell1.gif */; };
		DEC9D0651D9EB56200CE7C48 /* UIButton+SSEdgeInsets.h in Headers */ = {isa = PBXBuildFile; fileRef = DEC9D05F1D9EB3BD00CE7C48 /* UIButton+SSEdgeInsets.h */; settings = {ATTRIBUTES = (Public, ); }; };
/* End PBXBuildFile section */

/* Begin PBXContainerItemProxy section */
		DE44BBDF1D9D73A000AE68C7 /* PBXContainerItemProxy */ = {
			isa = PBXContainerItemProxy;
			containerPortal = DE46C6661D59D94D00D4C7FA /* Project object */;
			proxyType = 1;
			remoteGlobalIDString = DE44BBD91D9D73A000AE68C7;
			remoteInfo = "YXJSwipeTableViewCell ios";
		};
/* End PBXContainerItemProxy section */

/* Begin PBXCopyFilesBuildPhase section */
		DE44BBE61D9D73A000AE68C7 /* Embed Frameworks */ = {
			isa = PBXCopyFilesBuildPhase;
			buildActionMask = 2147483647;
			dstPath = "";
			dstSubfolderSpec = 10;
			files = (
				DE44BBE21D9D73A000AE68C7 /* YXJSwipeTableViewCell_iOS.framework in Embed Frameworks */,
			);
			name = "Embed Frameworks";
			runOnlyForDeploymentPostprocessing = 0;
		};
/* End PBXCopyFilesBuildPhase section */

/* Begin PBXFileReference section */
		717F4E204E364CDB92F2A632 /* Pods_YXJSwipeTableViewCellTest.framework */ = {isa = PBXFileReference; explicitFileType = wrapper.framework; includeInIndex = 0; path = Pods_YXJSwipeTableViewCellTest.framework; sourceTree = BUILT_PRODUCTS_DIR; };
		B051F0B8802808E6DAD008D6 /* Pods-YXJSwipeTableViewCellTest.release.xcconfig */ = {isa = PBXFileReference; includeInIndex = 1; lastKnownFileType = text.xcconfig; name = "Pods-YXJSwipeTableViewCellTest.release.xcconfig"; path = "Pods/Target Support Files/Pods-YXJSwipeTableViewCellTest/Pods-YXJSwipeTableViewCellTest.release.xcconfig"; sourceTree = "<group>"; };
		D38CEEAF4582608AF38F2845 /* Pods-YXJSwipeTableViewCellTest.debug.xcconfig */ = {isa = PBXFileReference; includeInIndex = 1; lastKnownFileType = text.xcconfig; name = "Pods-YXJSwipeTableViewCellTest.debug.xcconfig"; path = "Pods/Target Support Files/Pods-YXJSwipeTableViewCellTest/Pods-YXJSwipeTableViewCellTest.debug.xcconfig"; sourceTree = "<group>"; };
		DE44BBDA1D9D73A000AE68C7 /* YXJSwipeTableViewCell_iOS.framework */ = {isa = PBXFileReference; explicitFileType = wrapper.framework; includeInIndex = 0; path = YXJSwipeTableViewCell_iOS.framework; sourceTree = BUILT_PRODUCTS_DIR; };
		DE44BBDC1D9D73A000AE68C7 /* YXJSwipeTableViewCell_iOS.h */ = {isa = PBXFileReference; lastKnownFileType = sourcecode.c.h; path = YXJSwipeTableViewCell_iOS.h; sourceTree = "<group>"; };
		DE44BBDD1D9D73A000AE68C7 /* Info.plist */ = {isa = PBXFileReference; lastKnownFileType = text.plist.xml; path = Info.plist; sourceTree = "<group>"; };
		DE44BBE71D9D73CE00AE68C7 /* NSMutableArray+YXJSwipeUtilityButtons.h */ = {isa = PBXFileReference; fileEncoding = 4; lastKnownFileType = sourcecode.c.h; name = "NSMutableArray+YXJSwipeUtilityButtons.h"; path = "../../Pod/NSMutableArray+YXJSwipeUtilityButtons.h"; sourceTree = "<group>"; };
		DE44BBE81D9D73CE00AE68C7 /* NSMutableArray+YXJSwipeUtilityButtons.m */ = {isa = PBXFileReference; fileEncoding = 4; lastKnownFileType = sourcecode.c.objc; name = "NSMutableArray+YXJSwipeUtilityButtons.m"; path = "../../Pod/NSMutableArray+YXJSwipeUtilityButtons.m"; sourceTree = "<group>"; };
		DE44BBE91D9D73CE00AE68C7 /* YXJSwipeCellScrollView.h */ = {isa = PBXFileReference; fileEncoding = 4; lastKnownFileType = sourcecode.c.h; name = YXJSwipeCellScrollView.h; path = ../../Pod/YXJSwipeCellScrollView.h; sourceTree = "<group>"; };
		DE44BBEA1D9D73CE00AE68C7 /* YXJSwipeCellScrollView.m */ = {isa = PBXFileReference; fileEncoding = 4; lastKnownFileType = sourcecode.c.objc; name = YXJSwipeCellScrollView.m; path = ../../Pod/YXJSwipeCellScrollView.m; sourceTree = "<group>"; };
		DE44BBEB1D9D73CE00AE68C7 /* YXJSwipeLongPressGestureRecognizer.h */ = {isa = PBXFileReference; fileEncoding = 4; lastKnownFileType = sourcecode.c.h; name = YXJSwipeLongPressGestureRecognizer.h; path = ../../Pod/YXJSwipeLongPressGestureRecognizer.h; sourceTree = "<group>"; };
		DE44BBEC1D9D73CE00AE68C7 /* YXJSwipeLongPressGestureRecognizer.m */ = {isa = PBXFileReference; fileEncoding = 4; lastKnownFileType = sourcecode.c.objc; name = YXJSwipeLongPressGestureRecognizer.m; path = ../../Pod/YXJSwipeLongPressGestureRecognizer.m; sourceTree = "<group>"; };
		DE44BBED1D9D73CE00AE68C7 /* YXJSwipeTableViewCell.h */ = {isa = PBXFileReference; fileEncoding = 4; lastKnownFileType = sourcecode.c.h; name = YXJSwipeTableViewCell.h; path = ../../Pod/YXJSwipeTableViewCell.h; sourceTree = "<group>"; };
		DE44BBEE1D9D73CE00AE68C7 /* YXJSwipeTableViewCell.m */ = {isa = PBXFileReference; fileEncoding = 4; lastKnownFileType = sourcecode.c.objc; name = YXJSwipeTableViewCell.m; path = ../../Pod/YXJSwipeTableViewCell.m; sourceTree = "<group>"; };
		DE44BBEF1D9D73CE00AE68C7 /* YXJSwipeUtilityButtonTapGestureRecognizer.h */ = {isa = PBXFileReference; fileEncoding = 4; lastKnownFileType = sourcecode.c.h; name = YXJSwipeUtilityButtonTapGestureRecognizer.h; path = ../../Pod/YXJSwipeUtilityButtonTapGestureRecognizer.h; sourceTree = "<group>"; };
		DE44BBF01D9D73CE00AE68C7 /* YXJSwipeUtilityButtonTapGestureRecognizer.m */ = {isa = PBXFileReference; fileEncoding = 4; lastKnownFileType = sourcecode.c.objc; name = YXJSwipeUtilityButtonTapGestureRecognizer.m; path = ../../Pod/YXJSwipeUtilityButtonTapGestureRecognizer.m; sourceTree = "<group>"; };
		DE44BBF11D9D73CE00AE68C7 /* YXJSwipeUtilityButtonView.h */ = {isa = PBXFileReference; fileEncoding = 4; lastKnownFileType = sourcecode.c.h; name = YXJSwipeUtilityButtonView.h; path = ../../Pod/YXJSwipeUtilityButtonView.h; sourceTree = "<group>"; };
		DE44BBF21D9D73CE00AE68C7 /* YXJSwipeUtilityButtonView.m */ = {isa = PBXFileReference; fileEncoding = 4; lastKnownFileType = sourcecode.c.objc; name = YXJSwipeUtilityButtonView.m; path = ../../Pod/YXJSwipeUtilityButtonView.m; sourceTree = "<group>"; };
		DE46C66E1D59D94D00D4C7FA /* YXJSwipeTableViewCellTest.app */ = {isa = PBXFileReference; explicitFileType = wrapper.application; includeInIndex = 0; path = YXJSwipeTableViewCellTest.app; sourceTree = BUILT_PRODUCTS_DIR; };
		DE46C6711D59D94D00D4C7FA /* AppDelegate.swift */ = {isa = PBXFileReference; lastKnownFileType = sourcecode.swift; path = AppDelegate.swift; sourceTree = "<group>"; };
		DE46C6731D59D94D00D4C7FA /* ViewController.swift */ = {isa = PBXFileReference; lastKnownFileType = sourcecode.swift; path = ViewController.swift; sourceTree = "<group>"; };
		DE46C6761D59D94D00D4C7FA /* Base */ = {isa = PBXFileReference; lastKnownFileType = file.storyboard; name = Base; path = Base.lproj/Main.storyboard; sourceTree = "<group>"; };
		DE46C6781D59D94D00D4C7FA /* Assets.xcassets */ = {isa = PBXFileReference; lastKnownFileType = folder.assetcatalog; path = Assets.xcassets; sourceTree = "<group>"; };
		DE46C67B1D59D94D00D4C7FA /* Base */ = {isa = PBXFileReference; lastKnownFileType = file.storyboard; name = Base; path = Base.lproj/LaunchScreen.storyboard; sourceTree = "<group>"; };
		DE46C67D1D59D94D00D4C7FA /* Info.plist */ = {isa = PBXFileReference; lastKnownFileType = text.plist.xml; path = Info.plist; sourceTree = "<group>"; };
		DE7F7C3C1D5ACFB20083784A /* ViewControllerCell.swift */ = {isa = PBXFileReference; fileEncoding = 4; lastKnownFileType = sourcecode.swift; path = ViewControllerCell.swift; sourceTree = "<group>"; };
		DE7F7C3E1D5AD3520083784A /* YXJSwipeTableViewCell1.gif */ = {isa = PBXFileReference; lastKnownFileType = image.gif; path = YXJSwipeTableViewCell1.gif; sourceTree = "<group>"; };
		DEC9D05F1D9EB3BD00CE7C48 /* UIButton+SSEdgeInsets.h */ = {isa = PBXFileReference; lastKnownFileType = sourcecode.c.h; name = "UIButton+SSEdgeInsets.h"; path = "../Pods/UIButton-SSEdgeInsets/UIButton+EdgeInsets/UIButton+SSEdgeInsets.h"; sourceTree = "<group>"; };
		DEC9D0601D9EB3BD00CE7C48 /* UIButton+SSEdgeInsets.m */ = {isa = PBXFileReference; lastKnownFileType = sourcecode.c.objc; name = "UIButton+SSEdgeInsets.m"; path = "../Pods/UIButton-SSEdgeInsets/UIButton+EdgeInsets/UIButton+SSEdgeInsets.m"; sourceTree = "<group>"; };
		DEC9D0631D9EB41B00CE7C48 /* UIButton_SSEdgeInsets.framework */ = {isa = PBXFileReference; lastKnownFileType = wrapper.framework; name = UIButton_SSEdgeInsets.framework; path = "../../../../Library/Developer/Xcode/DerivedData/YXJSwipeTableViewCellTest-fghptzzlidvhjbbulmupkgizfsze/Build/Products/Debug-iphonesimulator/UIButton-SSEdgeInsets/UIButton_SSEdgeInsets.framework"; sourceTree = "<group>"; };
/* End PBXFileReference section */

/* Begin PBXFrameworksBuildPhase section */
		DE44BBD61D9D73A000AE68C7 /* Frameworks */ = {
			isa = PBXFrameworksBuildPhase;
			buildActionMask = 2147483647;
			files = (
			);
			runOnlyForDeploymentPostprocessing = 0;
		};
		DE46C66B1D59D94D00D4C7FA /* Frameworks */ = {
			isa = PBXFrameworksBuildPhase;
			buildActionMask = 2147483647;
			files = (
				DE44BBE11D9D73A000AE68C7 /* YXJSwipeTableViewCell_iOS.framework in Frameworks */,
				554F6B942A816FE197B3BC7A /* Pods_YXJSwipeTableViewCellTest.framework in Frameworks */,
			);
			runOnlyForDeploymentPostprocessing = 0;
		};
/* End PBXFrameworksBuildPhase section */

/* Begin PBXGroup section */
		46687C3BFA51254646CF6DF1 /* Frameworks */ = {
			isa = PBXGroup;
			children = (
				DEC9D0631D9EB41B00CE7C48 /* UIButton_SSEdgeInsets.framework */,
				717F4E204E364CDB92F2A632 /* Pods_YXJSwipeTableViewCellTest.framework */,
			);
			name = Frameworks;
			sourceTree = "<group>";
		};
		DE44BBDB1D9D73A000AE68C7 /* YXJSwipeTableViewCell_iOS */ = {
			isa = PBXGroup;
			children = (
				DE44BBE71D9D73CE00AE68C7 /* NSMutableArray+YXJSwipeUtilityButtons.h */,
				DE44BBE81D9D73CE00AE68C7 /* NSMutableArray+YXJSwipeUtilityButtons.m */,
				DE44BBE91D9D73CE00AE68C7 /* YXJSwipeCellScrollView.h */,
				DE44BBEA1D9D73CE00AE68C7 /* YXJSwipeCellScrollView.m */,
				DE44BBEB1D9D73CE00AE68C7 /* YXJSwipeLongPressGestureRecognizer.h */,
				DE44BBEC1D9D73CE00AE68C7 /* YXJSwipeLongPressGestureRecognizer.m */,
				DE44BBED1D9D73CE00AE68C7 /* YXJSwipeTableViewCell.h */,
				DE44BBEE1D9D73CE00AE68C7 /* YXJSwipeTableViewCell.m */,
				DE44BBEF1D9D73CE00AE68C7 /* YXJSwipeUtilityButtonTapGestureRecognizer.h */,
				DE44BBF01D9D73CE00AE68C7 /* YXJSwipeUtilityButtonTapGestureRecognizer.m */,
				DE44BBF11D9D73CE00AE68C7 /* YXJSwipeUtilityButtonView.h */,
				DE44BBF21D9D73CE00AE68C7 /* YXJSwipeUtilityButtonView.m */,
				DE44BBDC1D9D73A000AE68C7 /* YXJSwipeTableViewCell_iOS.h */,
				DE44BBDD1D9D73A000AE68C7 /* Info.plist */,
				DEC9D05F1D9EB3BD00CE7C48 /* UIButton+SSEdgeInsets.h */,
				DEC9D0601D9EB3BD00CE7C48 /* UIButton+SSEdgeInsets.m */,
			);
			name = YXJSwipeTableViewCell_iOS;
			path = "YXJSwipeTableViewCell ios";
			sourceTree = "<group>";
		};
		DE46C6651D59D94D00D4C7FA = {
			isa = PBXGroup;
			children = (
				DE46C6701D59D94D00D4C7FA /* YXJSwipeTableViewCell */,
				DE44BBDB1D9D73A000AE68C7 /* YXJSwipeTableViewCell_iOS */,
				DE46C66F1D59D94D00D4C7FA /* Products */,
				F3D5B274438E743762A2909E /* Pods */,
				46687C3BFA51254646CF6DF1 /* Frameworks */,
			);
			sourceTree = "<group>";
		};
		DE46C66F1D59D94D00D4C7FA /* Products */ = {
			isa = PBXGroup;
			children = (
				DE46C66E1D59D94D00D4C7FA /* YXJSwipeTableViewCellTest.app */,
				DE44BBDA1D9D73A000AE68C7 /* YXJSwipeTableViewCell_iOS.framework */,
			);
			name = Products;
			sourceTree = "<group>";
		};
		DE46C6701D59D94D00D4C7FA /* YXJSwipeTableViewCell */ = {
			isa = PBXGroup;
			children = (
				DE7F7C3E1D5AD3520083784A /* YXJSwipeTableViewCell1.gif */,
				DE46C6711D59D94D00D4C7FA /* AppDelegate.swift */,
				DE46C6731D59D94D00D4C7FA /* ViewController.swift */,
				DE7F7C3C1D5ACFB20083784A /* ViewControllerCell.swift */,
				DE46C6751D59D94D00D4C7FA /* Main.storyboard */,
				DE46C6781D59D94D00D4C7FA /* Assets.xcassets */,
				DE46C67A1D59D94D00D4C7FA /* LaunchScreen.storyboard */,
				DE46C67D1D59D94D00D4C7FA /* Info.plist */,
			);
			path = YXJSwipeTableViewCell;
			sourceTree = "<group>";
		};
		F3D5B274438E743762A2909E /* Pods */ = {
			isa = PBXGroup;
			children = (
				D38CEEAF4582608AF38F2845 /* Pods-YXJSwipeTableViewCellTest.debug.xcconfig */,
				B051F0B8802808E6DAD008D6 /* Pods-YXJSwipeTableViewCellTest.release.xcconfig */,
			);
			name = Pods;
			sourceTree = "<group>";
		};
/* End PBXGroup section */

/* Begin PBXHeadersBuildPhase section */
		DE44BBD71D9D73A000AE68C7 /* Headers */ = {
			isa = PBXHeadersBuildPhase;
			buildActionMask = 2147483647;
			files = (
				DE44BBFB1D9D73CE00AE68C7 /* YXJSwipeUtilityButtonTapGestureRecognizer.h in Headers */,
				DE44BBF31D9D73CE00AE68C7 /* NSMutableArray+YXJSwipeUtilityButtons.h in Headers */,
				DE44BBF71D9D73CE00AE68C7 /* YXJSwipeLongPressGestureRecognizer.h in Headers */,
				DE44BBF91D9D73CE00AE68C7 /* YXJSwipeTableViewCell.h in Headers */,
				DE44BBFD1D9D73CE00AE68C7 /* YXJSwipeUtilityButtonView.h in Headers */,
				DE44BBDE1D9D73A000AE68C7 /* YXJSwipeTableViewCell_iOS.h in Headers */,
				DEC9D0651D9EB56200CE7C48 /* UIButton+SSEdgeInsets.h in Headers */,
				DE44BBF51D9D73CE00AE68C7 /* YXJSwipeCellScrollView.h in Headers */,
			);
			runOnlyForDeploymentPostprocessing = 0;
		};
/* End PBXHeadersBuildPhase section */

/* Begin PBXNativeTarget section */
		DE44BBD91D9D73A000AE68C7 /* YXJSwipeTableViewCell_iOS */ = {
			isa = PBXNativeTarget;
			buildConfigurationList = DE44BBE51D9D73A000AE68C7 /* Build configuration list for PBXNativeTarget "YXJSwipeTableViewCell_iOS" */;
			buildPhases = (
				DE44BBD51D9D73A000AE68C7 /* Sources */,
				DE44BBD61D9D73A000AE68C7 /* Frameworks */,
				DE44BBD71D9D73A000AE68C7 /* Headers */,
				DE44BBD81D9D73A000AE68C7 /* Resources */,
			);
			buildRules = (
			);
			dependencies = (
			);
			name = YXJSwipeTableViewCell_iOS;
			productName = "YXJSwipeTableViewCell ios";
			productReference = DE44BBDA1D9D73A000AE68C7 /* YXJSwipeTableViewCell_iOS.framework */;
			productType = "com.apple.product-type.framework";
		};
		DE46C66D1D59D94D00D4C7FA /* YXJSwipeTableViewCellTest */ = {
			isa = PBXNativeTarget;
			buildConfigurationList = DE46C6801D59D94D00D4C7FA /* Build configuration list for PBXNativeTarget "YXJSwipeTableViewCellTest" */;
			buildPhases = (
				09CC396911C2C1A9251BC8CC /* [CP] Check Pods Manifest.lock */,
				DE46C66A1D59D94D00D4C7FA /* Sources */,
				DE46C66B1D59D94D00D4C7FA /* Frameworks */,
				DE46C66C1D59D94D00D4C7FA /* Resources */,
				EC213C11A5B64928F006BC00 /* [CP] Embed Pods Frameworks */,
				0723D336CF0E520C48A1AFDB /* [CP] Copy Pods Resources */,
				DE44BBE61D9D73A000AE68C7 /* Embed Frameworks */,
			);
			buildRules = (
			);
			dependencies = (
				DE44BBE01D9D73A000AE68C7 /* PBXTargetDependency */,
			);
			name = YXJSwipeTableViewCellTest;
			productName = YXJSwipeTableViewCell;
			productReference = DE46C66E1D59D94D00D4C7FA /* YXJSwipeTableViewCellTest.app */;
			productType = "com.apple.product-type.application";
		};
/* End PBXNativeTarget section */

/* Begin PBXProject section */
		DE46C6661D59D94D00D4C7FA /* Project object */ = {
			isa = PBXProject;
			attributes = {
				LastSwiftUpdateCheck = 0730;
				LastUpgradeCheck = 0800;
				ORGANIZATIONNAME = "袁晓钧";
				TargetAttributes = {
					DE44BBD91D9D73A000AE68C7 = {
						CreatedOnToolsVersion = 8.0;
						ProvisioningStyle = Automatic;
					};
					DE46C66D1D59D94D00D4C7FA = {
						CreatedOnToolsVersion = 7.3.1;
						LastSwiftMigration = 0800;
					};
				};
			};
			buildConfigurationList = DE46C6691D59D94D00D4C7FA /* Build configuration list for PBXProject "YXJSwipeTableViewCellTest" */;
			compatibilityVersion = "Xcode 3.2";
			developmentRegion = English;
			hasScannedForEncodings = 0;
			knownRegions = (
				en,
				Base,
			);
			mainGroup = DE46C6651D59D94D00D4C7FA;
			productRefGroup = DE46C66F1D59D94D00D4C7FA /* Products */;
			projectDirPath = "";
			projectRoot = "";
			targets = (
				DE46C66D1D59D94D00D4C7FA /* YXJSwipeTableViewCellTest */,
				DE44BBD91D9D73A000AE68C7 /* YXJSwipeTableViewCell_iOS */,
			);
		};
/* End PBXProject section */

/* Begin PBXResourcesBuildPhase section */
		DE44BBD81D9D73A000AE68C7 /* Resources */ = {
			isa = PBXResourcesBuildPhase;
			buildActionMask = 2147483647;
			files = (
			);
			runOnlyForDeploymentPostprocessing = 0;
		};
		DE46C66C1D59D94D00D4C7FA /* Resources */ = {
			isa = PBXResourcesBuildPhase;
			buildActionMask = 2147483647;
			files = (
				DE46C67C1D59D94D00D4C7FA /* LaunchScreen.storyboard in Resources */,
				DE7F7C3F1D5AD3520083784A /* YXJSwipeTableViewCell1.gif in Resources */,
				DE46C6791D59D94D00D4C7FA /* Assets.xcassets in Resources */,
				DE46C6771D59D94D00D4C7FA /* Main.storyboard in Resources */,
			);
			runOnlyForDeploymentPostprocessing = 0;
		};
/* End PBXResourcesBuildPhase section */

/* Begin PBXShellScriptBuildPhase section */
		0723D336CF0E520C48A1AFDB /* [CP] Copy Pods Resources */ = {
			isa = PBXShellScriptBuildPhase;
			buildActionMask = 2147483647;
			files = (
			);
			inputPaths = (
			);
			name = "[CP] Copy Pods Resources";
			outputPaths = (
			);
			runOnlyForDeploymentPostprocessing = 0;
			shellPath = /bin/sh;
			shellScript = "\"${SRCROOT}/Pods/Target Support Files/Pods-YXJSwipeTableViewCellTest/Pods-YXJSwipeTableViewCellTest-resources.sh\"\n";
			showEnvVarsInLog = 0;
		};
		09CC396911C2C1A9251BC8CC /* [CP] Check Pods Manifest.lock */ = {
			isa = PBXShellScriptBuildPhase;
			buildActionMask = 2147483647;
			files = (
			);
			inputPaths = (
			);
			name = "[CP] Check Pods Manifest.lock";
			outputPaths = (
			);
			runOnlyForDeploymentPostprocessing = 0;
			shellPath = /bin/sh;
			shellScript = "diff \"${PODS_ROOT}/../Podfile.lock\" \"${PODS_ROOT}/Manifest.lock\" > /dev/null\nif [ $? != 0 ] ; then\n    # print error to STDERR\n    echo \"error: The sandbox is not in sync with the Podfile.lock. Run 'pod install' or update your CocoaPods installation.\" >&2\n    exit 1\nfi\n";
			showEnvVarsInLog = 0;
		};
		EC213C11A5B64928F006BC00 /* [CP] Embed Pods Frameworks */ = {
			isa = PBXShellScriptBuildPhase;
			buildActionMask = 2147483647;
			files = (
			);
			inputPaths = (
			);
			name = "[CP] Embed Pods Frameworks";
			outputPaths = (
			);
			runOnlyForDeploymentPostprocessing = 0;
			shellPath = /bin/sh;
			shellScript = "\"${SRCROOT}/Pods/Target Support Files/Pods-YXJSwipeTableViewCellTest/Pods-YXJSwipeTableViewCellTest-frameworks.sh\"\n";
			showEnvVarsInLog = 0;
		};
/* End PBXShellScriptBuildPhase section */

/* Begin PBXSourcesBuildPhase section */
		DE44BBD51D9D73A000AE68C7 /* Sources */ = {
			isa = PBXSourcesBuildPhase;
			buildActionMask = 2147483647;
			files = (
				DE44BBFC1D9D73CE00AE68C7 /* YXJSwipeUtilityButtonTapGestureRecognizer.m in Sources */,
				DE44BBFA1D9D73CE00AE68C7 /* YXJSwipeTableViewCell.m in Sources */,
				DE44BBF81D9D73CE00AE68C7 /* YXJSwipeLongPressGestureRecognizer.m in Sources */,
				DE44BBF61D9D73CE00AE68C7 /* YXJSwipeCellScrollView.m in Sources */,
				DE44BBFE1D9D73CE00AE68C7 /* YXJSwipeUtilityButtonView.m in Sources */,
				DE44BBF41D9D73CE00AE68C7 /* NSMutableArray+YXJSwipeUtilityButtons.m in Sources */,
			);
			runOnlyForDeploymentPostprocessing = 0;
		};
		DE46C66A1D59D94D00D4C7FA /* Sources */ = {
			isa = PBXSourcesBuildPhase;
			buildActionMask = 2147483647;
			files = (
				DE7F7C3D1D5ACFB20083784A /* ViewControllerCell.swift in Sources */,
				DE46C6741D59D94D00D4C7FA /* ViewController.swift in Sources */,
				DE46C6721D59D94D00D4C7FA /* AppDelegate.swift in Sources */,
			);
			runOnlyForDeploymentPostprocessing = 0;
		};
/* End PBXSourcesBuildPhase section */

/* Begin PBXTargetDependency section */
		DE44BBE01D9D73A000AE68C7 /* PBXTargetDependency */ = {
			isa = PBXTargetDependency;
			target = DE44BBD91D9D73A000AE68C7 /* YXJSwipeTableViewCell_iOS */;
			targetProxy = DE44BBDF1D9D73A000AE68C7 /* PBXContainerItemProxy */;
		};
/* End PBXTargetDependency section */

/* Begin PBXVariantGroup section */
		DE46C6751D59D94D00D4C7FA /* Main.storyboard */ = {
			isa = PBXVariantGroup;
			children = (
				DE46C6761D59D94D00D4C7FA /* Base */,
			);
			name = Main.storyboard;
			sourceTree = "<group>";
		};
		DE46C67A1D59D94D00D4C7FA /* LaunchScreen.storyboard */ = {
			isa = PBXVariantGroup;
			children = (
				DE46C67B1D59D94D00D4C7FA /* Base */,
			);
			name = LaunchScreen.storyboard;
			sourceTree = "<group>";
		};
/* End PBXVariantGroup section */

/* Begin XCBuildConfiguration section */
		DE44BBE31D9D73A000AE68C7 /* Debug */ = {
			isa = XCBuildConfiguration;
			buildSettings = {
				CLANG_WARN_DOCUMENTATION_COMMENTS = YES;
				CLANG_WARN_SUSPICIOUS_MOVES = YES;
				CODE_SIGN_IDENTITY = "";
				CURRENT_PROJECT_VERSION = 1;
				DEFINES_MODULE = YES;
				DYLIB_COMPATIBILITY_VERSION = 1;
				DYLIB_CURRENT_VERSION = 1;
				DYLIB_INSTALL_NAME_BASE = "@rpath";
				FRAMEWORK_SEARCH_PATHS = (
					"$(inherited)",
					"$(PROJECT_DIR)/YXJSwipeTableViewCell\\ ios",
					"$(PROJECT_DIR)/YXJSwipeTableViewCell",
				);
				INFOPLIST_FILE = "YXJSwipeTableViewCell ios/Info.plist";
				INSTALL_PATH = "$(LOCAL_LIBRARY_DIR)/Frameworks";
				IPHONEOS_DEPLOYMENT_TARGET = 10.0;
				LD_RUNPATH_SEARCH_PATHS = "$(inherited) @executable_path/Frameworks @loader_path/Frameworks";
				PRODUCT_BUNDLE_IDENTIFIER = "com.YXJ.YXJSwipeTableViewCell-ios";
				PRODUCT_MODULE_NAME = YXJSwipeTableViewCell_iOS;
				PRODUCT_NAME = YXJSwipeTableViewCell_iOS;
				SKIP_INSTALL = YES;
				SWIFT_ACTIVE_COMPILATION_CONDITIONS = DEBUG;
				SWIFT_VERSION = 3.0;
				TARGETED_DEVICE_FAMILY = "1,2";
				VERSIONING_SYSTEM = "apple-generic";
				VERSION_INFO_PREFIX = "";
			};
			name = Debug;
		};
		DE44BBE41D9D73A000AE68C7 /* Release */ = {
			isa = XCBuildConfiguration;
			buildSettings = {
				CLANG_WARN_DOCUMENTATION_COMMENTS = YES;
				CLANG_WARN_SUSPICIOUS_MOVES = YES;
				CODE_SIGN_IDENTITY = "";
				CURRENT_PROJECT_VERSION = 1;
				DEFINES_MODULE = YES;
				DYLIB_COMPATIBILITY_VERSION = 1;
				DYLIB_CURRENT_VERSION = 1;
				DYLIB_INSTALL_NAME_BASE = "@rpath";
				FRAMEWORK_SEARCH_PATHS = (
					"$(inherited)",
					"$(PROJECT_DIR)/YXJSwipeTableViewCell\\ ios",
					"$(PROJECT_DIR)/YXJSwipeTableViewCell",
				);
				INFOPLIST_FILE = "YXJSwipeTableViewCell ios/Info.plist";
				INSTALL_PATH = "$(LOCAL_LIBRARY_DIR)/Frameworks";
				IPHONEOS_DEPLOYMENT_TARGET = 10.0;
				LD_RUNPATH_SEARCH_PATHS = "$(inherited) @executable_path/Frameworks @loader_path/Frameworks";
				PRODUCT_BUNDLE_IDENTIFIER = "com.YXJ.YXJSwipeTableViewCell-ios";
				PRODUCT_MODULE_NAME = YXJSwipeTableViewCell_iOS;
				PRODUCT_NAME = YXJSwipeTableViewCell_iOS;
				SKIP_INSTALL = YES;
				SWIFT_VERSION = 3.0;
				TARGETED_DEVICE_FAMILY = "1,2";
				VERSIONING_SYSTEM = "apple-generic";
				VERSION_INFO_PREFIX = "";
			};
			name = Release;
		};
		DE46C67E1D59D94D00D4C7FA /* Debug */ = {
			isa = XCBuildConfiguration;
			buildSettings = {
				ALWAYS_SEARCH_USER_PATHS = NO;
				CLANG_ANALYZER_NONNULL = YES;
				CLANG_CXX_LANGUAGE_STANDARD = "gnu++0x";
				CLANG_CXX_LIBRARY = "libc++";
				CLANG_ENABLE_MODULES = YES;
				CLANG_ENABLE_OBJC_ARC = YES;
				CLANG_WARN_BOOL_CONVERSION = YES;
				CLANG_WARN_CONSTANT_CONVERSION = YES;
				CLANG_WARN_DIRECT_OBJC_ISA_USAGE = YES_ERROR;
				CLANG_WARN_EMPTY_BODY = YES;
				CLANG_WARN_ENUM_CONVERSION = YES;
				CLANG_WARN_INFINITE_RECURSION = YES;
				CLANG_WARN_INT_CONVERSION = YES;
				CLANG_WARN_OBJC_ROOT_CLASS = YES_ERROR;
				CLANG_WARN_SUSPICIOUS_MOVE = YES;
				CLANG_WARN_UNREACHABLE_CODE = YES;
				CLANG_WARN__DUPLICATE_METHOD_MATCH = YES;
				"CODE_SIGN_IDENTITY[sdk=iphoneos*]" = "iPhone Developer";
				COPY_PHASE_STRIP = NO;
				DEBUG_INFORMATION_FORMAT = dwarf;
				ENABLE_STRICT_OBJC_MSGSEND = YES;
				ENABLE_TESTABILITY = YES;
				GCC_C_LANGUAGE_STANDARD = gnu99;
				GCC_DYNAMIC_NO_PIC = NO;
				GCC_NO_COMMON_BLOCKS = YES;
				GCC_OPTIMIZATION_LEVEL = 0;
				GCC_PREPROCESSOR_DEFINITIONS = (
					"DEBUG=1",
					"$(inherited)",
				);
				GCC_WARN_64_TO_32_BIT_CONVERSION = YES;
				GCC_WARN_ABOUT_RETURN_TYPE = YES_ERROR;
				GCC_WARN_UNDECLARED_SELECTOR = YES;
				GCC_WARN_UNINITIALIZED_AUTOS = YES_AGGRESSIVE;
				GCC_WARN_UNUSED_FUNCTION = YES;
				GCC_WARN_UNUSED_VARIABLE = YES;
				IPHONEOS_DEPLOYMENT_TARGET = 9.3;
				MTL_ENABLE_DEBUG_INFO = YES;
				ONLY_ACTIVE_ARCH = YES;
				SDKROOT = iphoneos;
				SWIFT_OPTIMIZATION_LEVEL = "-Onone";
			};
			name = Debug;
		};
		DE46C67F1D59D94D00D4C7FA /* Release */ = {
			isa = XCBuildConfiguration;
			buildSettings = {
				ALWAYS_SEARCH_USER_PATHS = NO;
				CLANG_ANALYZER_NONNULL = YES;
				CLANG_CXX_LANGUAGE_STANDARD = "gnu++0x";
				CLANG_CXX_LIBRARY = "libc++";
				CLANG_ENABLE_MODULES = YES;
				CLANG_ENABLE_OBJC_ARC = YES;
				CLANG_WARN_BOOL_CONVERSION = YES;
				CLANG_WARN_CONSTANT_CONVERSION = YES;
				CLANG_WARN_DIRECT_OBJC_ISA_USAGE = YES_ERROR;
				CLANG_WARN_EMPTY_BODY = YES;
				CLANG_WARN_ENUM_CONVERSION = YES;
				CLANG_WARN_INFINITE_RECURSION = YES;
				CLANG_WARN_INT_CONVERSION = YES;
				CLANG_WARN_OBJC_ROOT_CLASS = YES_ERROR;
				CLANG_WARN_SUSPICIOUS_MOVE = YES;
				CLANG_WARN_UNREACHABLE_CODE = YES;
				CLANG_WARN__DUPLICATE_METHOD_MATCH = YES;
				"CODE_SIGN_IDENTITY[sdk=iphoneos*]" = "iPhone Developer";
				COPY_PHASE_STRIP = NO;
				DEBUG_INFORMATION_FORMAT = "dwarf-with-dsym";
				ENABLE_NS_ASSERTIONS = NO;
				ENABLE_STRICT_OBJC_MSGSEND = YES;
				GCC_C_LANGUAGE_STANDARD = gnu99;
				GCC_NO_COMMON_BLOCKS = YES;
				GCC_WARN_64_TO_32_BIT_CONVERSION = YES;
				GCC_WARN_ABOUT_RETURN_TYPE = YES_ERROR;
				GCC_WARN_UNDECLARED_SELECTOR = YES;
				GCC_WARN_UNINITIALIZED_AUTOS = YES_AGGRESSIVE;
				GCC_WARN_UNUSED_FUNCTION = YES;
				GCC_WARN_UNUSED_VARIABLE = YES;
				IPHONEOS_DEPLOYMENT_TARGET = 9.3;
				MTL_ENABLE_DEBUG_INFO = NO;
				SDKROOT = iphoneos;
				SWIFT_OPTIMIZATION_LEVEL = "-Owholemodule";
				VALIDATE_PRODUCT = YES;
			};
			name = Release;
		};
		DE46C6811D59D94D00D4C7FA /* Debug */ = {
			isa = XCBuildConfiguration;
			baseConfigurationReference = D38CEEAF4582608AF38F2845 /* Pods-YXJSwipeTableViewCellTest.debug.xcconfig */;
			buildSettings = {
				ASSETCATALOG_COMPILER_APPICON_NAME = AppIcon;
				FRAMEWORK_SEARCH_PATHS = (
					"$(inherited)",
					"$(PROJECT_DIR)/YXJSwipeTableViewCell",
				);
				INFOPLIST_FILE = YXJSwipeTableViewCell/Info.plist;
				LD_RUNPATH_SEARCH_PATHS = "$(inherited) @executable_path/Frameworks";
				PRODUCT_BUNDLE_IDENTIFIER = com.YXJ.YXJSwipeTableViewCell;
				PRODUCT_NAME = YXJSwipeTableViewCellTest;
				SWIFT_VERSION = 3.0;
			};
			name = Debug;
		};
		DE46C6821D59D94D00D4C7FA /* Release */ = {
			isa = XCBuildConfiguration;
			baseConfigurationReference = B051F0B8802808E6DAD008D6 /* Pods-YXJSwipeTableViewCellTest.release.xcconfig */;
			buildSettings = {
				ASSETCATALOG_COMPILER_APPICON_NAME = AppIcon;
				FRAMEWORK_SEARCH_PATHS = (
					"$(inherited)",
					"$(PROJECT_DIR)/YXJSwipeTableViewCell",
				);
				INFOPLIST_FILE = YXJSwipeTableViewCell/Info.plist;
				LD_RUNPATH_SEARCH_PATHS = "$(inherited) @executable_path/Frameworks";
				PRODUCT_BUNDLE_IDENTIFIER = com.YXJ.YXJSwipeTableViewCell;
				PRODUCT_NAME = YXJSwipeTableViewCellTest;
				SWIFT_VERSION = 3.0;
			};
			name = Release;
		};
/* End XCBuildConfiguration section */

/* Begin XCConfigurationList section */
		DE44BBE51D9D73A000AE68C7 /* Build configuration list for PBXNativeTarget "YXJSwipeTableViewCell_iOS" */ = {
			isa = XCConfigurationList;
			buildConfigurations = (
				DE44BBE31D9D73A000AE68C7 /* Debug */,
				DE44BBE41D9D73A000AE68C7 /* Release */,
			);
			defaultConfigurationIsVisible = 0;
			defaultConfigurationName = Release;
		};
		DE46C6691D59D94D00D4C7FA /* Build configuration list for PBXProject "YXJSwipeTableViewCellTest" */ = {
			isa = XCConfigurationList;
			buildConfigurations = (
				DE46C67E1D59D94D00D4C7FA /* Debug */,
				DE46C67F1D59D94D00D4C7FA /* Release */,
			);
			defaultConfigurationIsVisible = 0;
			defaultConfigurationName = Release;
		};
		DE46C6801D59D94D00D4C7FA /* Build configuration list for PBXNativeTarget "YXJSwipeTableViewCellTest" */ = {
			isa = XCConfigurationList;
			buildConfigurations = (
				DE46C6811D59D94D00D4C7FA /* Debug */,
				DE46C6821D59D94D00D4C7FA /* Release */,
			);
			defaultConfigurationIsVisible = 0;
			defaultConfigurationName = Release;
		};
/* End XCConfigurationList section */
	};
	rootObject = DE46C6661D59D94D00D4C7FA /* Project object */;
}
