// !$*UTF8*$!
{
	archiveVersion = 1;
	classes = {
	};
	objectVersion = 46;
	objects = {

/* Begin PBXBuildFile section */
		DE63D4111DC3B09900F62851 /* AppDelegate.swift in Sources */ = {isa = PBXBuildFile; fileRef = DE63D4101DC3B09900F62851 /* AppDelegate.swift */; };
		DE63D4131DC3B09900F62851 /* ViewController.swift in Sources */ = {isa = PBXBuildFile; fileRef = DE63D4121DC3B09900F62851 /* ViewController.swift */; };
		DE63D4161DC3B09900F62851 /* Main.storyboard in Resources */ = {isa = PBXBuildFile; fileRef = DE63D4141DC3B09900F62851 /* Main.storyboard */; };
		DE63D4181DC3B09900F62851 /* Assets.xcassets in Resources */ = {isa = PBXBuildFile; fileRef = DE63D4171DC3B09900F62851 /* Assets.xcassets */; };
		DE63D41B1DC3B09900F62851 /* LaunchScreen.storyboard in Resources */ = {isa = PBXBuildFile; fileRef = DE63D4191DC3B09900F62851 /* LaunchScreen.storyboard */; };
		DE63D42B1DC3B0A800F62851 /* YXJSwipeTableViewCell_iOS.h in Headers */ = {isa = PBXBuildFile; fileRef = DE63D4291DC3B0A800F62851 /* YXJSwipeTableViewCell_iOS.h */; settings = {ATTRIBUTES = (Public, ); }; };
		DE63D42E1DC3B0A800F62851 /* YXJSwipeTableViewCell_iOS.framework in Frameworks */ = {isa = PBXBuildFile; fileRef = DE63D4271DC3B0A800F62851 /* YXJSwipeTableViewCell_iOS.framework */; };
		DE63D42F1DC3B0A800F62851 /* YXJSwipeTableViewCell_iOS.framework in Embed Frameworks */ = {isa = PBXBuildFile; fileRef = DE63D4271DC3B0A800F62851 /* YXJSwipeTableViewCell_iOS.framework */; settings = {ATTRIBUTES = (CodeSignOnCopy, RemoveHeadersOnCopy, ); }; };
		DE63D4421DC3B10D00F62851 /* NSMutableArray+YXJSwipeUtilityButtons.h in Headers */ = {isa = PBXBuildFile; fileRef = DE63D4341DC3B10D00F62851 /* NSMutableArray+YXJSwipeUtilityButtons.h */; settings = {ATTRIBUTES = (Public, ); }; };
		DE63D4431DC3B10D00F62851 /* NSMutableArray+YXJSwipeUtilityButtons.m in Sources */ = {isa = PBXBuildFile; fileRef = DE63D4351DC3B10D00F62851 /* NSMutableArray+YXJSwipeUtilityButtons.m */; };
		DE63D4441DC3B10D00F62851 /* UIButton+YXJEdgeInsets.h in Headers */ = {isa = PBXBuildFile; fileRef = DE63D4361DC3B10D00F62851 /* UIButton+YXJEdgeInsets.h */; settings = {ATTRIBUTES = (Public, ); }; };
		DE63D4451DC3B10D00F62851 /* UIButton+YXJEdgeInsets.m in Sources */ = {isa = PBXBuildFile; fileRef = DE63D4371DC3B10D00F62851 /* UIButton+YXJEdgeInsets.m */; };
		DE63D4461DC3B10D00F62851 /* YXJSwipeCellScrollView.h in Headers */ = {isa = PBXBuildFile; fileRef = DE63D4381DC3B10D00F62851 /* YXJSwipeCellScrollView.h */; settings = {ATTRIBUTES = (Public, ); }; };
		DE63D4471DC3B10D00F62851 /* YXJSwipeCellScrollView.m in Sources */ = {isa = PBXBuildFile; fileRef = DE63D4391DC3B10D00F62851 /* YXJSwipeCellScrollView.m */; };
		DE63D4481DC3B10D00F62851 /* YXJSwipeLongPressGestureRecognizer.h in Headers */ = {isa = PBXBuildFile; fileRef = DE63D43A1DC3B10D00F62851 /* YXJSwipeLongPressGestureRecognizer.h */; settings = {ATTRIBUTES = (Public, ); }; };
		DE63D4491DC3B10D00F62851 /* YXJSwipeLongPressGestureRecognizer.m in Sources */ = {isa = PBXBuildFile; fileRef = DE63D43B1DC3B10D00F62851 /* YXJSwipeLongPressGestureRecognizer.m */; };
		DE63D44A1DC3B10D00F62851 /* YXJSwipeTableViewCell.h in Headers */ = {isa = PBXBuildFile; fileRef = DE63D43C1DC3B10D00F62851 /* YXJSwipeTableViewCell.h */; settings = {ATTRIBUTES = (Public, ); }; };
		DE63D44B1DC3B10D00F62851 /* YXJSwipeTableViewCell.m in Sources */ = {isa = PBXBuildFile; fileRef = DE63D43D1DC3B10D00F62851 /* YXJSwipeTableViewCell.m */; };
		DE63D44C1DC3B10D00F62851 /* YXJSwipeUtilityButtonTapGestureRecognizer.h in Headers */ = {isa = PBXBuildFile; fileRef = DE63D43E1DC3B10D00F62851 /* YXJSwipeUtilityButtonTapGestureRecognizer.h */; settings = {ATTRIBUTES = (Public, ); }; };
		DE63D44D1DC3B10D00F62851 /* YXJSwipeUtilityButtonTapGestureRecognizer.m in Sources */ = {isa = PBXBuildFile; fileRef = DE63D43F1DC3B10D00F62851 /* YXJSwipeUtilityButtonTapGestureRecognizer.m */; };
		DE63D44E1DC3B10D00F62851 /* YXJSwipeUtilityButtonView.h in Headers */ = {isa = PBXBuildFile; fileRef = DE63D4401DC3B10D00F62851 /* YXJSwipeUtilityButtonView.h */; settings = {ATTRIBUTES = (Public, ); }; };
		DE63D44F1DC3B10D00F62851 /* YXJSwipeUtilityButtonView.m in Sources */ = {isa = PBXBuildFile; fileRef = DE63D4411DC3B10D00F62851 /* YXJSwipeUtilityButtonView.m */; };
/* End PBXBuildFile section */

/* Begin PBXContainerItemProxy section */
		DE63D42C1DC3B0A800F62851 /* PBXContainerItemProxy */ = {
			isa = PBXContainerItemProxy;
			containerPortal = DE63D4051DC3B09900F62851 /* Project object */;
			proxyType = 1;
			remoteGlobalIDString = DE63D4261DC3B0A800F62851;
			remoteInfo = YXJSwipeTableViewCell_iOS;
		};
/* End PBXContainerItemProxy section */

/* Begin PBXCopyFilesBuildPhase section */
		DE63D4331DC3B0A800F62851 /* Embed Frameworks */ = {
			isa = PBXCopyFilesBuildPhase;
			buildActionMask = 2147483647;
			dstPath = "";
			dstSubfolderSpec = 10;
			files = (
				DE63D42F1DC3B0A800F62851 /* YXJSwipeTableViewCell_iOS.framework in Embed Frameworks */,
			);
			name = "Embed Frameworks";
			runOnlyForDeploymentPostprocessing = 0;
		};
/* End PBXCopyFilesBuildPhase section */

/* Begin PBXFileReference section */
		DE63D40D1DC3B09900F62851 /* YXJSwipeTableViewCell.app */ = {isa = PBXFileReference; explicitFileType = wrapper.application; includeInIndex = 0; path = YXJSwipeTableViewCell.app; sourceTree = BUILT_PRODUCTS_DIR; };
		DE63D4101DC3B09900F62851 /* AppDelegate.swift */ = {isa = PBXFileReference; lastKnownFileType = sourcecode.swift; path = AppDelegate.swift; sourceTree = "<group>"; };
		DE63D4121DC3B09900F62851 /* ViewController.swift */ = {isa = PBXFileReference; lastKnownFileType = sourcecode.swift; path = ViewController.swift; sourceTree = "<group>"; };
		DE63D4151DC3B09900F62851 /* Base */ = {isa = PBXFileReference; lastKnownFileType = file.storyboard; name = Base; path = Base.lproj/Main.storyboard; sourceTree = "<group>"; };
		DE63D4171DC3B09900F62851 /* Assets.xcassets */ = {isa = PBXFileReference; lastKnownFileType = folder.assetcatalog; path = Assets.xcassets; sourceTree = "<group>"; };
		DE63D41A1DC3B09900F62851 /* Base */ = {isa = PBXFileReference; lastKnownFileType = file.storyboard; name = Base; path = Base.lproj/LaunchScreen.storyboard; sourceTree = "<group>"; };
		DE63D41C1DC3B09900F62851 /* Info.plist */ = {isa = PBXFileReference; lastKnownFileType = text.plist.xml; path = Info.plist; sourceTree = "<group>"; };
		DE63D4271DC3B0A800F62851 /* YXJSwipeTableViewCell_iOS.framework */ = {isa = PBXFileReference; explicitFileType = wrapper.framework; includeInIndex = 0; path = YXJSwipeTableViewCell_iOS.framework; sourceTree = BUILT_PRODUCTS_DIR; };
		DE63D4291DC3B0A800F62851 /* YXJSwipeTableViewCell_iOS.h */ = {isa = PBXFileReference; lastKnownFileType = sourcecode.c.h; path = YXJSwipeTableViewCell_iOS.h; sourceTree = "<group>"; };
		DE63D42A1DC3B0A800F62851 /* Info.plist */ = {isa = PBXFileReference; lastKnownFileType = text.plist.xml; path = Info.plist; sourceTree = "<group>"; };
		DE63D4341DC3B10D00F62851 /* NSMutableArray+YXJSwipeUtilityButtons.h */ = {isa = PBXFileReference; fileEncoding = 4; lastKnownFileType = sourcecode.c.h; path = "NSMutableArray+YXJSwipeUtilityButtons.h"; sourceTree = "<group>"; };
		DE63D4351DC3B10D00F62851 /* NSMutableArray+YXJSwipeUtilityButtons.m */ = {isa = PBXFileReference; fileEncoding = 4; lastKnownFileType = sourcecode.c.objc; path = "NSMutableArray+YXJSwipeUtilityButtons.m"; sourceTree = "<group>"; };
		DE63D4361DC3B10D00F62851 /* UIButton+YXJEdgeInsets.h */ = {isa = PBXFileReference; fileEncoding = 4; lastKnownFileType = sourcecode.c.h; path = "UIButton+YXJEdgeInsets.h"; sourceTree = "<group>"; };
		DE63D4371DC3B10D00F62851 /* UIButton+YXJEdgeInsets.m */ = {isa = PBXFileReference; fileEncoding = 4; lastKnownFileType = sourcecode.c.objc; path = "UIButton+YXJEdgeInsets.m"; sourceTree = "<group>"; };
		DE63D4381DC3B10D00F62851 /* YXJSwipeCellScrollView.h */ = {isa = PBXFileReference; fileEncoding = 4; lastKnownFileType = sourcecode.c.h; path = YXJSwipeCellScrollView.h; sourceTree = "<group>"; };
		DE63D4391DC3B10D00F62851 /* YXJSwipeCellScrollView.m */ = {isa = PBXFileReference; fileEncoding = 4; lastKnownFileType = sourcecode.c.objc; path = YXJSwipeCellScrollView.m; sourceTree = "<group>"; };
		DE63D43A1DC3B10D00F62851 /* YXJSwipeLongPressGestureRecognizer.h */ = {isa = PBXFileReference; fileEncoding = 4; lastKnownFileType = sourcecode.c.h; path = YXJSwipeLongPressGestureRecognizer.h; sourceTree = "<group>"; };
		DE63D43B1DC3B10D00F62851 /* YXJSwipeLongPressGestureRecognizer.m */ = {isa = PBXFileReference; fileEncoding = 4; lastKnownFileType = sourcecode.c.objc; path = YXJSwipeLongPressGestureRecognizer.m; sourceTree = "<group>"; };
		DE63D43C1DC3B10D00F62851 /* YXJSwipeTableViewCell.h */ = {isa = PBXFileReference; fileEncoding = 4; lastKnownFileType = sourcecode.c.h; path = YXJSwipeTableViewCell.h; sourceTree = "<group>"; };
		DE63D43D1DC3B10D00F62851 /* YXJSwipeTableViewCell.m */ = {isa = PBXFileReference; fileEncoding = 4; lastKnownFileType = sourcecode.c.objc; path = YXJSwipeTableViewCell.m; sourceTree = "<group>"; };
		DE63D43E1DC3B10D00F62851 /* YXJSwipeUtilityButtonTapGestureRecognizer.h */ = {isa = PBXFileReference; fileEncoding = 4; lastKnownFileType = sourcecode.c.h; path = YXJSwipeUtilityButtonTapGestureRecognizer.h; sourceTree = "<group>"; };
		DE63D43F1DC3B10D00F62851 /* YXJSwipeUtilityButtonTapGestureRecognizer.m */ = {isa = PBXFileReference; fileEncoding = 4; lastKnownFileType = sourcecode.c.objc; path = YXJSwipeUtilityButtonTapGestureRecognizer.m; sourceTree = "<group>"; };
		DE63D4401DC3B10D00F62851 /* YXJSwipeUtilityButtonView.h */ = {isa = PBXFileReference; fileEncoding = 4; lastKnownFileType = sourcecode.c.h; path = YXJSwipeUtilityButtonView.h; sourceTree = "<group>"; };
		DE63D4411DC3B10D00F62851 /* YXJSwipeUtilityButtonView.m */ = {isa = PBXFileReference; fileEncoding = 4; lastKnownFileType = sourcecode.c.objc; path = YXJSwipeUtilityButtonView.m; sourceTree = "<group>"; };
/* End PBXFileReference section */

/* Begin PBXFrameworksBuildPhase section */
		DE63D40A1DC3B09900F62851 /* Frameworks */ = {
			isa = PBXFrameworksBuildPhase;
			buildActionMask = 2147483647;
			files = (
				DE63D42E1DC3B0A800F62851 /* YXJSwipeTableViewCell_iOS.framework in Frameworks */,
			);
			runOnlyForDeploymentPostprocessing = 0;
		};
		DE63D4231DC3B0A800F62851 /* Frameworks */ = {
			isa = PBXFrameworksBuildPhase;
			buildActionMask = 2147483647;
			files = (
			);
			runOnlyForDeploymentPostprocessing = 0;
		};
/* End PBXFrameworksBuildPhase section */

/* Begin PBXGroup section */
		DE63D4041DC3B09900F62851 = {
			isa = PBXGroup;
			children = (
				DE63D40F1DC3B09900F62851 /* YXJSwipeTableViewCell */,
				DE63D4281DC3B0A800F62851 /* YXJSwipeTableViewCell_iOS */,
				DE63D40E1DC3B09900F62851 /* Products */,
			);
			sourceTree = "<group>";
		};
		DE63D40E1DC3B09900F62851 /* Products */ = {
			isa = PBXGroup;
			children = (
				DE63D40D1DC3B09900F62851 /* YXJSwipeTableViewCell.app */,
				DE63D4271DC3B0A800F62851 /* YXJSwipeTableViewCell_iOS.framework */,
			);
			name = Products;
			sourceTree = "<group>";
		};
		DE63D40F1DC3B09900F62851 /* YXJSwipeTableViewCell */ = {
			isa = PBXGroup;
			children = (
				DE63D4101DC3B09900F62851 /* AppDelegate.swift */,
				DE63D4121DC3B09900F62851 /* ViewController.swift */,
				DE63D4141DC3B09900F62851 /* Main.storyboard */,
				DE63D4171DC3B09900F62851 /* Assets.xcassets */,
				DE63D4191DC3B09900F62851 /* LaunchScreen.storyboard */,
				DE63D41C1DC3B09900F62851 /* Info.plist */,
			);
			path = YXJSwipeTableViewCell;
			sourceTree = "<group>";
		};
		DE63D4281DC3B0A800F62851 /* YXJSwipeTableViewCell_iOS */ = {
			isa = PBXGroup;
			children = (
				DE63D4291DC3B0A800F62851 /* YXJSwipeTableViewCell_iOS.h */,
				DE63D4341DC3B10D00F62851 /* NSMutableArray+YXJSwipeUtilityButtons.h */,
				DE63D4351DC3B10D00F62851 /* NSMutableArray+YXJSwipeUtilityButtons.m */,
				DE63D4361DC3B10D00F62851 /* UIButton+YXJEdgeInsets.h */,
				DE63D4371DC3B10D00F62851 /* UIButton+YXJEdgeInsets.m */,
				DE63D4381DC3B10D00F62851 /* YXJSwipeCellScrollView.h */,
				DE63D4391DC3B10D00F62851 /* YXJSwipeCellScrollView.m */,
				DE63D43A1DC3B10D00F62851 /* YXJSwipeLongPressGestureRecognizer.h */,
				DE63D43B1DC3B10D00F62851 /* YXJSwipeLongPressGestureRecognizer.m */,
				DE63D43C1DC3B10D00F62851 /* YXJSwipeTableViewCell.h */,
				DE63D43D1DC3B10D00F62851 /* YXJSwipeTableViewCell.m */,
				DE63D43E1DC3B10D00F62851 /* YXJSwipeUtilityButtonTapGestureRecognizer.h */,
				DE63D43F1DC3B10D00F62851 /* YXJSwipeUtilityButtonTapGestureRecognizer.m */,
				DE63D4401DC3B10D00F62851 /* YXJSwipeUtilityButtonView.h */,
				DE63D4411DC3B10D00F62851 /* YXJSwipeUtilityButtonView.m */,
				DE63D42A1DC3B0A800F62851 /* Info.plist */,
			);
			path = YXJSwipeTableViewCell_iOS;
			sourceTree = "<group>";
		};
/* End PBXGroup section */

/* Begin PBXHeadersBuildPhase section */
		DE63D4241DC3B0A800F62851 /* Headers */ = {
			isa = PBXHeadersBuildPhase;
			buildActionMask = 2147483647;
			files = (
				DE63D4421DC3B10D00F62851 /* NSMutableArray+YXJSwipeUtilityButtons.h in Headers */,
				DE63D44C1DC3B10D00F62851 /* YXJSwipeUtilityButtonTapGestureRecognizer.h in Headers */,
				DE63D42B1DC3B0A800F62851 /* YXJSwipeTableViewCell_iOS.h in Headers */,
				DE63D4461DC3B10D00F62851 /* YXJSwipeCellScrollView.h in Headers */,
				DE63D4481DC3B10D00F62851 /* YXJSwipeLongPressGestureRecognizer.h in Headers */,
				DE63D44A1DC3B10D00F62851 /* YXJSwipeTableViewCell.h in Headers */,
				DE63D44E1DC3B10D00F62851 /* YXJSwipeUtilityButtonView.h in Headers */,
				DE63D4441DC3B10D00F62851 /* UIButton+YXJEdgeInsets.h in Headers */,
			);
			runOnlyForDeploymentPostprocessing = 0;
		};
/* End PBXHeadersBuildPhase section */

/* Begin PBXNativeTarget section */
		DE63D40C1DC3B09900F62851 /* YXJSwipeTableViewCell */ = {
			isa = PBXNativeTarget;
			buildConfigurationList = DE63D41F1DC3B09900F62851 /* Build configuration list for PBXNativeTarget "YXJSwipeTableViewCell" */;
			buildPhases = (
				DE63D4091DC3B09900F62851 /* Sources */,
				DE63D40A1DC3B09900F62851 /* Frameworks */,
				DE63D40B1DC3B09900F62851 /* Resources */,
				DE63D4331DC3B0A800F62851 /* Embed Frameworks */,
			);
			buildRules = (
			);
			dependencies = (
				DE63D42D1DC3B0A800F62851 /* PBXTargetDependency */,
			);
			name = YXJSwipeTableViewCell;
			productName = YXJSwipeTableViewCell;
			productReference = DE63D40D1DC3B09900F62851 /* YXJSwipeTableViewCell.app */;
			productType = "com.apple.product-type.application";
		};
		DE63D4261DC3B0A800F62851 /* YXJSwipeTableViewCell_iOS */ = {
			isa = PBXNativeTarget;
			buildConfigurationList = DE63D4301DC3B0A800F62851 /* Build configuration list for PBXNativeTarget "YXJSwipeTableViewCell_iOS" */;
			buildPhases = (
				DE63D4221DC3B0A800F62851 /* Sources */,
				DE63D4231DC3B0A800F62851 /* Frameworks */,
				DE63D4241DC3B0A800F62851 /* Headers */,
				DE63D4251DC3B0A800F62851 /* Resources */,
			);
			buildRules = (
			);
			dependencies = (
			);
			name = YXJSwipeTableViewCell_iOS;
			productName = YXJSwipeTableViewCell_iOS;
			productReference = DE63D4271DC3B0A800F62851 /* YXJSwipeTableViewCell_iOS.framework */;
			productType = "com.apple.product-type.framework";
		};
/* End PBXNativeTarget section */

/* Begin PBXProject section */
		DE63D4051DC3B09900F62851 /* Project object */ = {
			isa = PBXProject;
			attributes = {
				LastSwiftUpdateCheck = 0810;
				LastUpgradeCheck = 0810;
				ORGANIZATIONNAME = "袁晓钧";
				TargetAttributes = {
					DE63D40C1DC3B09900F62851 = {
						CreatedOnToolsVersion = 8.1;
						DevelopmentTeam = 5N5628A342;
						ProvisioningStyle = Automatic;
					};
					DE63D4261DC3B0A800F62851 = {
						CreatedOnToolsVersion = 8.1;
						DevelopmentTeam = 5N5628A342;
						ProvisioningStyle = Automatic;
					};
				};
			};
			buildConfigurationList = DE63D4081DC3B09900F62851 /* Build configuration list for PBXProject "YXJSwipeTableViewCell" */;
			compatibilityVersion = "Xcode 3.2";
			developmentRegion = English;
			hasScannedForEncodings = 0;
			knownRegions = (
				en,
				Base,
			);
			mainGroup = DE63D4041DC3B09900F62851;
			productRefGroup = DE63D40E1DC3B09900F62851 /* Products */;
			projectDirPath = "";
			projectRoot = "";
			targets = (
				DE63D40C1DC3B09900F62851 /* YXJSwipeTableViewCell */,
				DE63D4261DC3B0A800F62851 /* YXJSwipeTableViewCell_iOS */,
			);
		};
/* End PBXProject section */

/* Begin PBXResourcesBuildPhase section */
		DE63D40B1DC3B09900F62851 /* Resources */ = {
			isa = PBXResourcesBuildPhase;
			buildActionMask = 2147483647;
			files = (
				DE63D41B1DC3B09900F62851 /* LaunchScreen.storyboard in Resources */,
				DE63D4181DC3B09900F62851 /* Assets.xcassets in Resources */,
				DE63D4161DC3B09900F62851 /* Main.storyboard in Resources */,
			);
			runOnlyForDeploymentPostprocessing = 0;
		};
		DE63D4251DC3B0A800F62851 /* Resources */ = {
			isa = PBXResourcesBuildPhase;
			buildActionMask = 2147483647;
			files = (
			);
			runOnlyForDeploymentPostprocessing = 0;
		};
/* End PBXResourcesBuildPhase section */

/* Begin PBXSourcesBuildPhase section */
		DE63D4091DC3B09900F62851 /* Sources */ = {
			isa = PBXSourcesBuildPhase;
			buildActionMask = 2147483647;
			files = (
				DE63D4131DC3B09900F62851 /* ViewController.swift in Sources */,
				DE63D4111DC3B09900F62851 /* AppDelegate.swift in Sources */,
			);
			runOnlyForDeploymentPostprocessing = 0;
		};
		DE63D4221DC3B0A800F62851 /* Sources */ = {
			isa = PBXSourcesBuildPhase;
			buildActionMask = 2147483647;
			files = (
				DE63D44F1DC3B10D00F62851 /* YXJSwipeUtilityButtonView.m in Sources */,
				DE63D4471DC3B10D00F62851 /* YXJSwipeCellScrollView.m in Sources */,
				DE63D4451DC3B10D00F62851 /* UIButton+YXJEdgeInsets.m in Sources */,
				DE63D44B1DC3B10D00F62851 /* YXJSwipeTableViewCell.m in Sources */,
				DE63D44D1DC3B10D00F62851 /* YXJSwipeUtilityButtonTapGestureRecognizer.m in Sources */,
				DE63D4491DC3B10D00F62851 /* YXJSwipeLongPressGestureRecognizer.m in Sources */,
				DE63D4431DC3B10D00F62851 /* NSMutableArray+YXJSwipeUtilityButtons.m in Sources */,
			);
			runOnlyForDeploymentPostprocessing = 0;
		};
/* End PBXSourcesBuildPhase section */

/* Begin PBXTargetDependency section */
		DE63D42D1DC3B0A800F62851 /* PBXTargetDependency */ = {
			isa = PBXTargetDependency;
			target = DE63D4261DC3B0A800F62851 /* YXJSwipeTableViewCell_iOS */;
			targetProxy = DE63D42C1DC3B0A800F62851 /* PBXContainerItemProxy */;
		};
/* End PBXTargetDependency section */

/* Begin PBXVariantGroup section */
		DE63D4141DC3B09900F62851 /* Main.storyboard */ = {
			isa = PBXVariantGroup;
			children = (
				DE63D4151DC3B09900F62851 /* Base */,
			);
			name = Main.storyboard;
			sourceTree = "<group>";
		};
		DE63D4191DC3B09900F62851 /* LaunchScreen.storyboard */ = {
			isa = PBXVariantGroup;
			children = (
				DE63D41A1DC3B09900F62851 /* Base */,
			);
			name = LaunchScreen.storyboard;
			sourceTree = "<group>";
		};
/* End PBXVariantGroup section */

/* Begin XCBuildConfiguration section */
		DE63D41D1DC3B09900F62851 /* Debug */ = {
			isa = XCBuildConfiguration;
			buildSettings = {
				ALWAYS_SEARCH_USER_PATHS = NO;
				CLANG_ANALYZER_NONNULL = YES;
				CLANG_CXX_LANGUAGE_STANDARD = "gnu++0x";
				CLANG_CXX_LIBRARY = "libc++";
				CLANG_ENABLE_MODULES = YES;
				CLANG_ENABLE_OBJC_ARC = YES;
				CLANG_WARN_BOOL_CONVERSION = YES;
				CLANG_WARN_CONSTANT_CONVERSION = YES;
				CLANG_WARN_DIRECT_OBJC_ISA_USAGE = YES_ERROR;
				CLANG_WARN_DOCUMENTATION_COMMENTS = YES;
				CLANG_WARN_EMPTY_BODY = YES;
				CLANG_WARN_ENUM_CONVERSION = YES;
				CLANG_WARN_INFINITE_RECURSION = YES;
				CLANG_WARN_INT_CONVERSION = YES;
				CLANG_WARN_OBJC_ROOT_CLASS = YES_ERROR;
				CLANG_WARN_SUSPICIOUS_MOVES = YES;
				CLANG_WARN_UNREACHABLE_CODE = YES;
				CLANG_WARN__DUPLICATE_METHOD_MATCH = YES;
				"CODE_SIGN_IDENTITY[sdk=iphoneos*]" = "iPhone Developer";
				COPY_PHASE_STRIP = NO;
				DEBUG_INFORMATION_FORMAT = dwarf;
				ENABLE_STRICT_OBJC_MSGSEND = YES;
				ENABLE_TESTABILITY = YES;
				GCC_C_LANGUAGE_STANDARD = gnu99;
				GCC_DYNAMIC_NO_PIC = NO;
				GCC_NO_COMMON_BLOCKS = YES;
				GCC_OPTIMIZATION_LEVEL = 0;
				GCC_PREPROCESSOR_DEFINITIONS = (
					"DEBUG=1",
					"$(inherited)",
				);
				GCC_WARN_64_TO_32_BIT_CONVERSION = YES;
				GCC_WARN_ABOUT_RETURN_TYPE = YES_ERROR;
				GCC_WARN_UNDECLARED_SELECTOR = YES;
				GCC_WARN_UNINITIALIZED_AUTOS = YES_AGGRESSIVE;
				GCC_WARN_UNUSED_FUNCTION = YES;
				GCC_WARN_UNUSED_VARIABLE = YES;
				IPHONEOS_DEPLOYMENT_TARGET = 10.1;
				MTL_ENABLE_DEBUG_INFO = YES;
				ONLY_ACTIVE_ARCH = YES;
				SDKROOT = iphoneos;
				SWIFT_ACTIVE_COMPILATION_CONDITIONS = DEBUG;
				SWIFT_OPTIMIZATION_LEVEL = "-Onone";
				TARGETED_DEVICE_FAMILY = "1,2";
			};
			name = Debug;
		};
		DE63D41E1DC3B09900F62851 /* Release */ = {
			isa = XCBuildConfiguration;
			buildSettings = {
				ALWAYS_SEARCH_USER_PATHS = NO;
				CLANG_ANALYZER_NONNULL = YES;
				CLANG_CXX_LANGUAGE_STANDARD = "gnu++0x";
				CLANG_CXX_LIBRARY = "libc++";
				CLANG_ENABLE_MODULES = YES;
				CLANG_ENABLE_OBJC_ARC = YES;
				CLANG_WARN_BOOL_CONVERSION = YES;
				CLANG_WARN_CONSTANT_CONVERSION = YES;
				CLANG_WARN_DIRECT_OBJC_ISA_USAGE = YES_ERROR;
				CLANG_WARN_DOCUMENTATION_COMMENTS = YES;
				CLANG_WARN_EMPTY_BODY = YES;
				CLANG_WARN_ENUM_CONVERSION = YES;
				CLANG_WARN_INFINITE_RECURSION = YES;
				CLANG_WARN_INT_CONVERSION = YES;
				CLANG_WARN_OBJC_ROOT_CLASS = YES_ERROR;
				CLANG_WARN_SUSPICIOUS_MOVES = YES;
				CLANG_WARN_UNREACHABLE_CODE = YES;
				CLANG_WARN__DUPLICATE_METHOD_MATCH = YES;
				"CODE_SIGN_IDENTITY[sdk=iphoneos*]" = "iPhone Developer";
				COPY_PHASE_STRIP = NO;
				DEBUG_INFORMATION_FORMAT = "dwarf-with-dsym";
				ENABLE_NS_ASSERTIONS = NO;
				ENABLE_STRICT_OBJC_MSGSEND = YES;
				GCC_C_LANGUAGE_STANDARD = gnu99;
				GCC_NO_COMMON_BLOCKS = YES;
				GCC_WARN_64_TO_32_BIT_CONVERSION = YES;
				GCC_WARN_ABOUT_RETURN_TYPE = YES_ERROR;
				GCC_WARN_UNDECLARED_SELECTOR = YES;
				GCC_WARN_UNINITIALIZED_AUTOS = YES_AGGRESSIVE;
				GCC_WARN_UNUSED_FUNCTION = YES;
				GCC_WARN_UNUSED_VARIABLE = YES;
				IPHONEOS_DEPLOYMENT_TARGET = 10.1;
				MTL_ENABLE_DEBUG_INFO = NO;
				SDKROOT = iphoneos;
				SWIFT_OPTIMIZATION_LEVEL = "-Owholemodule";
				TARGETED_DEVICE_FAMILY = "1,2";
				VALIDATE_PRODUCT = YES;
			};
			name = Release;
		};
		DE63D4201DC3B09900F62851 /* Debug */ = {
			isa = XCBuildConfiguration;
			buildSettings = {
				ASSETCATALOG_COMPILER_APPICON_NAME = AppIcon;
				DEVELOPMENT_TEAM = 5N5628A342;
				INFOPLIST_FILE = YXJSwipeTableViewCell/Info.plist;
				LD_RUNPATH_SEARCH_PATHS = "$(inherited) @executable_path/Frameworks";
				PRODUCT_BUNDLE_IDENTIFIER = com.YXJ.YXJSwipeTableViewCell;
				PRODUCT_NAME = "$(TARGET_NAME)";
				SWIFT_VERSION = 3.0;
			};
			name = Debug;
		};
		DE63D4211DC3B09900F62851 /* Release */ = {
			isa = XCBuildConfiguration;
			buildSettings = {
				ASSETCATALOG_COMPILER_APPICON_NAME = AppIcon;
				DEVELOPMENT_TEAM = 5N5628A342;
				INFOPLIST_FILE = YXJSwipeTableViewCell/Info.plist;
				LD_RUNPATH_SEARCH_PATHS = "$(inherited) @executable_path/Frameworks";
				PRODUCT_BUNDLE_IDENTIFIER = com.YXJ.YXJSwipeTableViewCell;
				PRODUCT_NAME = "$(TARGET_NAME)";
				SWIFT_VERSION = 3.0;
			};
			name = Release;
		};
		DE63D4311DC3B0A800F62851 /* Debug */ = {
			isa = XCBuildConfiguration;
			buildSettings = {
				CODE_SIGN_IDENTITY = "";
				CURRENT_PROJECT_VERSION = 1;
				DEFINES_MODULE = YES;
				DEVELOPMENT_TEAM = 5N5628A342;
				DYLIB_COMPATIBILITY_VERSION = 1;
				DYLIB_CURRENT_VERSION = 1;
				DYLIB_INSTALL_NAME_BASE = "@rpath";
				INFOPLIST_FILE = YXJSwipeTableViewCell_iOS/Info.plist;
				INSTALL_PATH = "$(LOCAL_LIBRARY_DIR)/Frameworks";
				LD_RUNPATH_SEARCH_PATHS = "$(inherited) @executable_path/Frameworks @loader_path/Frameworks";
				PRODUCT_BUNDLE_IDENTIFIER = "com.YXJ.YXJSwipeTableViewCell-iOS";
				PRODUCT_NAME = "$(TARGET_NAME)";
				SKIP_INSTALL = YES;
				SWIFT_VERSION = 3.0;
				VERSIONING_SYSTEM = "apple-generic";
				VERSION_INFO_PREFIX = "";
			};
			name = Debug;
		};
		DE63D4321DC3B0A800F62851 /* Release */ = {
			isa = XCBuildConfiguration;
			buildSettings = {
				CODE_SIGN_IDENTITY = "";
				CURRENT_PROJECT_VERSION = 1;
				DEFINES_MODULE = YES;
				DEVELOPMENT_TEAM = 5N5628A342;
				DYLIB_COMPATIBILITY_VERSION = 1;
				DYLIB_CURRENT_VERSION = 1;
				DYLIB_INSTALL_NAME_BASE = "@rpath";
				INFOPLIST_FILE = YXJSwipeTableViewCell_iOS/Info.plist;
				INSTALL_PATH = "$(LOCAL_LIBRARY_DIR)/Frameworks";
				LD_RUNPATH_SEARCH_PATHS = "$(inherited) @executable_path/Frameworks @loader_path/Frameworks";
				PRODUCT_BUNDLE_IDENTIFIER = "com.YXJ.YXJSwipeTableViewCell-iOS";
				PRODUCT_NAME = "$(TARGET_NAME)";
				SKIP_INSTALL = YES;
				SWIFT_VERSION = 3.0;
				VERSIONING_SYSTEM = "apple-generic";
				VERSION_INFO_PREFIX = "";
			};
			name = Release;
		};
/* End XCBuildConfiguration section */

/* Begin XCConfigurationList section */
		DE63D4081DC3B09900F62851 /* Build configuration list for PBXProject "YXJSwipeTableViewCell" */ = {
			isa = XCConfigurationList;
			buildConfigurations = (
				DE63D41D1DC3B09900F62851 /* Debug */,
				DE63D41E1DC3B09900F62851 /* Release */,
			);
			defaultConfigurationIsVisible = 0;
			defaultConfigurationName = Release;
		};
		DE63D41F1DC3B09900F62851 /* Build configuration list for PBXNativeTarget "YXJSwipeTableViewCell" */ = {
			isa = XCConfigurationList;
			buildConfigurations = (
				DE63D4201DC3B09900F62851 /* Debug */,
				DE63D4211DC3B09900F62851 /* Release */,
			);
			defaultConfigurationIsVisible = 0;
		};
		DE63D4301DC3B0A800F62851 /* Build configuration list for PBXNativeTarget "YXJSwipeTableViewCell_iOS" */ = {
			isa = XCConfigurationList;
			buildConfigurations = (
				DE63D4311DC3B0A800F62851 /* Debug */,
				DE63D4321DC3B0A800F62851 /* Release */,
			);
			defaultConfigurationIsVisible = 0;
		};
/* End XCConfigurationList section */
	};
	rootObject = DE63D4051DC3B09900F62851 /* Project object */;
}
